
Microsoft Visual Studio Solution File, Format Version 12.00
# Visual Studio Version 17
VisualStudioVersion = 17.4.33213.308
MinimumVisualStudioVersion = 10.0.40219.1
Project("{FAE04EC0-301F-11D3-BF4B-00C04F79EFBC}") = "veebipoe", "veebipoe.csproj", "{C37728D3-B9DA-44EA-9505-69A617EFC1C8}"
EndProject
Global
	GlobalSection(SolutionConfigurationPlatforms) = preSolution
		Debug|Any CPU = Debug|Any CPU
		Release|Any CPU = Release|Any CPU
	EndGlobalSection
	GlobalSection(ProjectConfigurationPlatforms) = postSolution
		{C37728D3-B9DA-44EA-9505-69A617EFC1C8}.Debug|Any CPU.ActiveCfg = Debug|Any CPU
		{C37728D3-B9DA-44EA-9505-69A617EFC1C8}.Debug|Any CPU.Build.0 = Debug|Any CPU
		{C37728D3-B9DA-44EA-9505-69A617EFC1C8}.Release|Any CPU.ActiveCfg = Release|Any CPU
		{C37728D3-B9DA-44EA-9505-69A617EFC1C8}.Release|Any CPU.Build.0 = Release|Any CPU
	EndGlobalSection
	GlobalSection(SolutionProperties) = preSolution
		HideSolutionNode = FALSE
	EndGlobalSection
	GlobalSection(ExtensibilityGlobals) = postSolution
		SolutionGuid = {06301CC2-ED3A-4F65-AA49-CF1DCA25F58A}
	EndGlobalSection
EndGlobal
